
Microsoft Visual Studio Solution File, Format Version 12.00
# Visual Studio Version 16
VisualStudioVersion = 16.0.30804.86
MinimumVisualStudioVersion = 10.0.40219.1
Project("{FAE04EC0-301F-11D3-BF4B-00C04F79EFBC}") = "Controller", "Controller\Controller.csproj", "{3249619E-5E1F-4A54-BFAB-C2E020D2A4B1}"
EndProject
Project("{FAE04EC0-301F-11D3-BF4B-00C04F79EFBC}") = "Server", "Server\Server.csproj", "{889E899D-3D11-4D16-9898-BCC18A4003B3}"
EndProject
Project("{FAE04EC0-301F-11D3-BF4B-00C04F79EFBC}") = "Client", "Client\Client.csproj", "{46FE862F-FCB3-4CEB-AF9C-A6B07E688FAF}"
EndProject
Global
	GlobalSection(SolutionConfigurationPlatforms) = preSolution
		Debug|Any CPU = Debug|Any CPU
		Release|Any CPU = Release|Any CPU
	EndGlobalSection
	GlobalSection(ProjectConfigurationPlatforms) = postSolution
		{3249619E-5E1F-4A54-BFAB-C2E020D2A4B1}.Debug|Any CPU.ActiveCfg = Debug|Any CPU
		{3249619E-5E1F-4A54-BFAB-C2E020D2A4B1}.Debug|Any CPU.Build.0 = Debug|Any CPU
		{3249619E-5E1F-4A54-BFAB-C2E020D2A4B1}.Release|Any CPU.ActiveCfg = Release|Any CPU
		{3249619E-5E1F-4A54-BFAB-C2E020D2A4B1}.Release|Any CPU.Build.0 = Release|Any CPU
		{889E899D-3D11-4D16-9898-BCC18A4003B3}.Debug|Any CPU.ActiveCfg = Debug|Any CPU
		{889E899D-3D11-4D16-9898-BCC18A4003B3}.Debug|Any CPU.Build.0 = Debug|Any CPU
		{889E899D-3D11-4D16-9898-BCC18A4003B3}.Release|Any CPU.ActiveCfg = Release|Any CPU
		{889E899D-3D11-4D16-9898-BCC18A4003B3}.Release|Any CPU.Build.0 = Release|Any CPU
		{46FE862F-FCB3-4CEB-AF9C-A6B07E688FAF}.Debug|Any CPU.ActiveCfg = Debug|Any CPU
		{46FE862F-FCB3-4CEB-AF9C-A6B07E688FAF}.Debug|Any CPU.Build.0 = Debug|Any CPU
		{46FE862F-FCB3-4CEB-AF9C-A6B07E688FAF}.Release|Any CPU.ActiveCfg = Release|Any CPU
		{46FE862F-FCB3-4CEB-AF9C-A6B07E688FAF}.Release|Any CPU.Build.0 = Release|Any CPU
	EndGlobalSection
	GlobalSection(SolutionProperties) = preSolution
		HideSolutionNode = FALSE
	EndGlobalSection
	GlobalSection(ExtensibilityGlobals) = postSolution
		SolutionGuid = {ADD4F5F0-AB0A-48C3-87CF-74C962681B48}
	EndGlobalSection
EndGlobal
